
Microsoft Visual Studio Solution File, Format Version 12.00
# Visual Studio 15
VisualStudioVersion = 15.0.28307.572
MinimumVisualStudioVersion = 10.0.40219.1
Project("{2150E333-8FDC-42A3-9474-1A3956D46DE8}") = "Solution Items", "Solution Items", "{E14E1019-D60A-4F55-A9BC-9018FA5A1957}"
	ProjectSection(SolutionItems) = preProject
		readme.md = readme.md
	EndProjectSection
EndProject
Project("{FAE04EC0-301F-11D3-BF4B-00C04F79EFBC}") = "MLMediaPackage.Package", "src\MLMediaPackage.Package\MLMediaPackage.Package.csproj", "{9D841439-28D8-4FC7-B9A7-C8D9F2B6FFF1}"
EndProject
Project("{FAE04EC0-301F-11D3-BF4B-00C04F79EFBC}") = "MlMediaPackage.Web", "src\MlMediaPackage.Web\MlMediaPackage.Web.csproj", "{D0E1BF58-12D6-4B64-95F5-091D05B296EF}"
EndProject
Global
	GlobalSection(SolutionConfigurationPlatforms) = preSolution
		Debug|Any CPU = Debug|Any CPU
		Release|Any CPU = Release|Any CPU
	EndGlobalSection
	GlobalSection(ProjectConfigurationPlatforms) = postSolution
		{9D841439-28D8-4FC7-B9A7-C8D9F2B6FFF1}.Debug|Any CPU.ActiveCfg = Debug|Any CPU
		{9D841439-28D8-4FC7-B9A7-C8D9F2B6FFF1}.Debug|Any CPU.Build.0 = Debug|Any CPU
		{9D841439-28D8-4FC7-B9A7-C8D9F2B6FFF1}.Release|Any CPU.ActiveCfg = Release|Any CPU
		{9D841439-28D8-4FC7-B9A7-C8D9F2B6FFF1}.Release|Any CPU.Build.0 = Release|Any CPU
		{D0E1BF58-12D6-4B64-95F5-091D05B296EF}.Debug|Any CPU.ActiveCfg = Debug|Any CPU
		{D0E1BF58-12D6-4B64-95F5-091D05B296EF}.Debug|Any CPU.Build.0 = Debug|Any CPU
		{D0E1BF58-12D6-4B64-95F5-091D05B296EF}.Release|Any CPU.ActiveCfg = Release|Any CPU
		{D0E1BF58-12D6-4B64-95F5-091D05B296EF}.Release|Any CPU.Build.0 = Release|Any CPU
	EndGlobalSection
	GlobalSection(SolutionProperties) = preSolution
		HideSolutionNode = FALSE
	EndGlobalSection
	GlobalSection(ExtensibilityGlobals) = postSolution
		SolutionGuid = {6CA251BE-8950-4342-9933-CA49B1161747}
	EndGlobalSection
EndGlobal
